// !$*UTF8*$!
{
	archiveVersion = 1;
	classes = {
	};
	objectVersion = 46;
	objects = {

/* Begin PBXBuildFile section */
		A6C61C7F1D9A1779009F7863 /* main.m in Sources */ = {isa = PBXBuildFile; fileRef = A6C61C7E1D9A1779009F7863 /* main.m */; };
		A6C61C821D9A1779009F7863 /* AppDelegate.m in Sources */ = {isa = PBXBuildFile; fileRef = A6C61C811D9A1779009F7863 /* AppDelegate.m */; };
		A6C61C851D9A1779009F7863 /* ViewController.m in Sources */ = {isa = PBXBuildFile; fileRef = A6C61C841D9A1779009F7863 /* ViewController.m */; };
		A6C61C881D9A1779009F7863 /* Main.storyboard in Resources */ = {isa = PBXBuildFile; fileRef = A6C61C861D9A1779009F7863 /* Main.storyboard */; };
		A6C61C8A1D9A1779009F7863 /* Assets.xcassets in Resources */ = {isa = PBXBuildFile; fileRef = A6C61C891D9A1779009F7863 /* Assets.xcassets */; };
		A6C61C8D1D9A1779009F7863 /* LaunchScreen.storyboard in Resources */ = {isa = PBXBuildFile; fileRef = A6C61C8B1D9A1779009F7863 /* LaunchScreen.storyboard */; };
		A6C61C981D9A1779009F7863 /* MDSDownLoadImage1Tests.m in Sources */ = {isa = PBXBuildFile; fileRef = A6C61C971D9A1779009F7863 /* MDSDownLoadImage1Tests.m */; };
		A6C61CA31D9A1779009F7863 /* MDSDownLoadImage1UITests.m in Sources */ = {isa = PBXBuildFile; fileRef = A6C61CA21D9A1779009F7863 /* MDSDownLoadImage1UITests.m */; };
		A6C61CB51D9A17CE009F7863 /* MDSDownLoadImageOperation.m in Sources */ = {isa = PBXBuildFile; fileRef = A6C61CB21D9A17CE009F7863 /* MDSDownLoadImageOperation.m */; };
		A6C61CB61D9A17CE009F7863 /* MDSFileTool.m in Sources */ = {isa = PBXBuildFile; fileRef = A6C61CB41D9A17CE009F7863 /* MDSFileTool.m */; };
		A6C61CBA1D9A17D8009F7863 /* HomeViewController.m in Sources */ = {isa = PBXBuildFile; fileRef = A6C61CB81D9A17D8009F7863 /* HomeViewController.m */; };
		A6C61CBB1D9A17D8009F7863 /* HomeViewController.xib in Resources */ = {isa = PBXBuildFile; fileRef = A6C61CB91D9A17D8009F7863 /* HomeViewController.xib */; };
/* End PBXBuildFile section */

/* Begin PBXContainerItemProxy section */
		A6C61C941D9A1779009F7863 /* PBXContainerItemProxy */ = {
			isa = PBXContainerItemProxy;
			containerPortal = A6C61C721D9A1779009F7863 /* Project object */;
			proxyType = 1;
			remoteGlobalIDString = A6C61C791D9A1779009F7863;
			remoteInfo = MDSDownLoadImage1;
		};
		A6C61C9F1D9A1779009F7863 /* PBXContainerItemProxy */ = {
			isa = PBXContainerItemProxy;
			containerPortal = A6C61C721D9A1779009F7863 /* Project object */;
			proxyType = 1;
			remoteGlobalIDString = A6C61C791D9A1779009F7863;
			remoteInfo = MDSDownLoadImage1;
		};
/* End PBXContainerItemProxy section */

/* Begin PBXFileReference section */
		A6C61C7A1D9A1779009F7863 /* MDSDownLoadImage1.app */ = {isa = PBXFileReference; explicitFileType = wrapper.application; includeInIndex = 0; path = MDSDownLoadImage1.app; sourceTree = BUILT_PRODUCTS_DIR; };
		A6C61C7E1D9A1779009F7863 /* main.m */ = {isa = PBXFileReference; lastKnownFileType = sourcecode.c.objc; path = main.m; sourceTree = "<group>"; };
		A6C61C801D9A1779009F7863 /* AppDelegate.h */ = {isa = PBXFileReference; lastKnownFileType = sourcecode.c.h; path = AppDelegate.h; sourceTree = "<group>"; };
		A6C61C811D9A1779009F7863 /* AppDelegate.m */ = {isa = PBXFileReference; lastKnownFileType = sourcecode.c.objc; path = AppDelegate.m; sourceTree = "<group>"; };
		A6C61C831D9A1779009F7863 /* ViewController.h */ = {isa = PBXFileReference; lastKnownFileType = sourcecode.c.h; path = ViewController.h; sourceTree = "<group>"; };
		A6C61C841D9A1779009F7863 /* ViewController.m */ = {isa = PBXFileReference; lastKnownFileType = sourcecode.c.objc; path = ViewController.m; sourceTree = "<group>"; };
		A6C61C871D9A1779009F7863 /* Base */ = {isa = PBXFileReference; lastKnownFileType = file.storyboard; name = Base; path = Base.lproj/Main.storyboard; sourceTree = "<group>"; };
		A6C61C891D9A1779009F7863 /* Assets.xcassets */ = {isa = PBXFileReference; lastKnownFileType = folder.assetcatalog; path = Assets.xcassets; sourceTree = "<group>"; };
		A6C61C8C1D9A1779009F7863 /* Base */ = {isa = PBXFileReference; lastKnownFileType = file.storyboard; name = Base; path = Base.lproj/LaunchScreen.storyboard; sourceTree = "<group>"; };
		A6C61C8E1D9A1779009F7863 /* Info.plist */ = {isa = PBXFileReference; lastKnownFileType = text.plist.xml; path = Info.plist; sourceTree = "<group>"; };
		A6C61C931D9A1779009F7863 /* MDSDownLoadImage1Tests.xctest */ = {isa = PBXFileReference; explicitFileType = wrapper.cfbundle; includeInIndex = 0; path = MDSDownLoadImage1Tests.xctest; sourceTree = BUILT_PRODUCTS_DIR; };
		A6C61C971D9A1779009F7863 /* MDSDownLoadImage1Tests.m */ = {isa = PBXFileReference; lastKnownFileType = sourcecode.c.objc; path = MDSDownLoadImage1Tests.m; sourceTree = "<group>"; };
		A6C61C991D9A1779009F7863 /* Info.plist */ = {isa = PBXFileReference; lastKnownFileType = text.plist.xml; path = Info.plist; sourceTree = "<group>"; };
		A6C61C9E1D9A1779009F7863 /* MDSDownLoadImage1UITests.xctest */ = {isa = PBXFileReference; explicitFileType = wrapper.cfbundle; includeInIndex = 0; path = MDSDownLoadImage1UITests.xctest; sourceTree = BUILT_PRODUCTS_DIR; };
		A6C61CA21D9A1779009F7863 /* MDSDownLoadImage1UITests.m */ = {isa = PBXFileReference; lastKnownFileType = sourcecode.c.objc; path = MDSDownLoadImage1UITests.m; sourceTree = "<group>"; };
		A6C61CA41D9A1779009F7863 /* Info.plist */ = {isa = PBXFileReference; lastKnownFileType = text.plist.xml; path = Info.plist; sourceTree = "<group>"; };
		A6C61CB11D9A17CE009F7863 /* MDSDownLoadImageOperation.h */ = {isa = PBXFileReference; fileEncoding = 4; lastKnownFileType = sourcecode.c.h; path = MDSDownLoadImageOperation.h; sourceTree = "<group>"; };
		A6C61CB21D9A17CE009F7863 /* MDSDownLoadImageOperation.m */ = {isa = PBXFileReference; fileEncoding = 4; lastKnownFileType = sourcecode.c.objc; path = MDSDownLoadImageOperation.m; sourceTree = "<group>"; };
		A6C61CB31D9A17CE009F7863 /* MDSFileTool.h */ = {isa = PBXFileReference; fileEncoding = 4; lastKnownFileType = sourcecode.c.h; path = MDSFileTool.h; sourceTree = "<group>"; };
		A6C61CB41D9A17CE009F7863 /* MDSFileTool.m */ = {isa = PBXFileReference; fileEncoding = 4; lastKnownFileType = sourcecode.c.objc; path = MDSFileTool.m; sourceTree = "<group>"; };
		A6C61CB71D9A17D8009F7863 /* HomeViewController.h */ = {isa = PBXFileReference; fileEncoding = 4; lastKnownFileType = sourcecode.c.h; path = HomeViewController.h; sourceTree = "<group>"; };
		A6C61CB81D9A17D8009F7863 /* HomeViewController.m */ = {isa = PBXFileReference; fileEncoding = 4; lastKnownFileType = sourcecode.c.objc; path = HomeViewController.m; sourceTree = "<group>"; };
		A6C61CB91D9A17D8009F7863 /* HomeViewController.xib */ = {isa = PBXFileReference; fileEncoding = 4; lastKnownFileType = file.xib; path = HomeViewController.xib; sourceTree = "<group>"; };
/* End PBXFileReference section */

/* Begin PBXFrameworksBuildPhase section */
		A6C61C771D9A1779009F7863 /* Frameworks */ = {
			isa = PBXFrameworksBuildPhase;
			buildActionMask = 2147483647;
			files = (
			);
			runOnlyForDeploymentPostprocessing = 0;
		};
		A6C61C901D9A1779009F7863 /* Frameworks */ = {
			isa = PBXFrameworksBuildPhase;
			buildActionMask = 2147483647;
			files = (
			);
			runOnlyForDeploymentPostprocessing = 0;
		};
		A6C61C9B1D9A1779009F7863 /* Frameworks */ = {
			isa = PBXFrameworksBuildPhase;
			buildActionMask = 2147483647;
			files = (
			);
			runOnlyForDeploymentPostprocessing = 0;
		};
/* End PBXFrameworksBuildPhase section */

/* Begin PBXGroup section */
		A6C61C711D9A1779009F7863 = {
			isa = PBXGroup;
			children = (
				A6C61C7C1D9A1779009F7863 /* MDSDownLoadImage1 */,
				A6C61C961D9A1779009F7863 /* MDSDownLoadImage1Tests */,
				A6C61CA11D9A1779009F7863 /* MDSDownLoadImage1UITests */,
				A6C61C7B1D9A1779009F7863 /* Products */,
			);
			sourceTree = "<group>";
		};
		A6C61C7B1D9A1779009F7863 /* Products */ = {
			isa = PBXGroup;
			children = (
				A6C61C7A1D9A1779009F7863 /* MDSDownLoadImage1.app */,
				A6C61C931D9A1779009F7863 /* MDSDownLoadImage1Tests.xctest */,
				A6C61C9E1D9A1779009F7863 /* MDSDownLoadImage1UITests.xctest */,
			);
			name = Products;
			sourceTree = "<group>";
		};
		A6C61C7C1D9A1779009F7863 /* MDSDownLoadImage1 */ = {
			isa = PBXGroup;
			children = (
				A6C61CB71D9A17D8009F7863 /* HomeViewController.h */,
				A6C61CB81D9A17D8009F7863 /* HomeViewController.m */,
				A6C61CB91D9A17D8009F7863 /* HomeViewController.xib */,
				A6C61CB01D9A17CE009F7863 /* MDSDown */,
				A6C61C801D9A1779009F7863 /* AppDelegate.h */,
				A6C61C811D9A1779009F7863 /* AppDelegate.m */,
				A6C61C831D9A1779009F7863 /* ViewController.h */,
				A6C61C841D9A1779009F7863 /* ViewController.m */,
				A6C61C861D9A1779009F7863 /* Main.storyboard */,
				A6C61C891D9A1779009F7863 /* Assets.xcassets */,
				A6C61C8B1D9A1779009F7863 /* LaunchScreen.storyboard */,
				A6C61C8E1D9A1779009F7863 /* Info.plist */,
				A6C61C7D1D9A1779009F7863 /* Supporting Files */,
			);
			path = MDSDownLoadImage1;
			sourceTree = "<group>";
		};
		A6C61C7D1D9A1779009F7863 /* Supporting Files */ = {
			isa = PBXGroup;
			children = (
				A6C61C7E1D9A1779009F7863 /* main.m */,
			);
			name = "Supporting Files";
			sourceTree = "<group>";
		};
		A6C61C961D9A1779009F7863 /* MDSDownLoadImage1Tests */ = {
			isa = PBXGroup;
			children = (
				A6C61C971D9A1779009F7863 /* MDSDownLoadImage1Tests.m */,
				A6C61C991D9A1779009F7863 /* Info.plist */,
			);
			path = MDSDownLoadImage1Tests;
			sourceTree = "<group>";
		};
		A6C61CA11D9A1779009F7863 /* MDSDownLoadImage1UITests */ = {
			isa = PBXGroup;
			children = (
				A6C61CA21D9A1779009F7863 /* MDSDownLoadImage1UITests.m */,
				A6C61CA41D9A1779009F7863 /* Info.plist */,
			);
			path = MDSDownLoadImage1UITests;
			sourceTree = "<group>";
		};
		A6C61CB01D9A17CE009F7863 /* MDSDown */ = {
			isa = PBXGroup;
			children = (
				A6C61CB11D9A17CE009F7863 /* MDSDownLoadImageOperation.h */,
				A6C61CB21D9A17CE009F7863 /* MDSDownLoadImageOperation.m */,
				A6C61CB31D9A17CE009F7863 /* MDSFileTool.h */,
				A6C61CB41D9A17CE009F7863 /* MDSFileTool.m */,
			);
			path = MDSDown;
			sourceTree = "<group>";
		};
/* End PBXGroup section */

/* Begin PBXNativeTarget section */
		A6C61C791D9A1779009F7863 /* MDSDownLoadImage1 */ = {
			isa = PBXNativeTarget;
			buildConfigurationList = A6C61CA71D9A1779009F7863 /* Build configuration list for PBXNativeTarget "MDSDownLoadImage1" */;
			buildPhases = (
				A6C61C761D9A1779009F7863 /* Sources */,
				A6C61C771D9A1779009F7863 /* Frameworks */,
				A6C61C781D9A1779009F7863 /* Resources */,
			);
			buildRules = (
			);
			dependencies = (
			);
			name = MDSDownLoadImage1;
			productName = MDSDownLoadImage1;
			productReference = A6C61C7A1D9A1779009F7863 /* MDSDownLoadImage1.app */;
			productType = "com.apple.product-type.application";
		};
		A6C61C921D9A1779009F7863 /* MDSDownLoadImage1Tests */ = {
			isa = PBXNativeTarget;
			buildConfigurationList = A6C61CAA1D9A1779009F7863 /* Build configuration list for PBXNativeTarget "MDSDownLoadImage1Tests" */;
			buildPhases = (
				A6C61C8F1D9A1779009F7863 /* Sources */,
				A6C61C901D9A1779009F7863 /* Frameworks */,
				A6C61C911D9A1779009F7863 /* Resources */,
			);
			buildRules = (
			);
			dependencies = (
				A6C61C951D9A1779009F7863 /* PBXTargetDependency */,
			);
			name = MDSDownLoadImage1Tests;
			productName = MDSDownLoadImage1Tests;
			productReference = A6C61C931D9A1779009F7863 /* MDSDownLoadImage1Tests.xctest */;
			productType = "com.apple.product-type.bundle.unit-test";
		};
		A6C61C9D1D9A1779009F7863 /* MDSDownLoadImage1UITests */ = {
			isa = PBXNativeTarget;
			buildConfigurationList = A6C61CAD1D9A1779009F7863 /* Build configuration list for PBXNativeTarget "MDSDownLoadImage1UITests" */;
			buildPhases = (
				A6C61C9A1D9A1779009F7863 /* Sources */,
				A6C61C9B1D9A1779009F7863 /* Frameworks */,
				A6C61C9C1D9A1779009F7863 /* Resources */,
			);
			buildRules = (
			);
			dependencies = (
				A6C61CA01D9A1779009F7863 /* PBXTargetDependency */,
			);
			name = MDSDownLoadImage1UITests;
			productName = MDSDownLoadImage1UITests;
			productReference = A6C61C9E1D9A1779009F7863 /* MDSDownLoadImage1UITests.xctest */;
			productType = "com.apple.product-type.bundle.ui-testing";
		};
/* End PBXNativeTarget section */

/* Begin PBXProject section */
		A6C61C721D9A1779009F7863 /* Project object */ = {
			isa = PBXProject;
			attributes = {
				LastUpgradeCheck = 0800;
				ORGANIZATIONNAME = "冀磊";
				TargetAttributes = {
					A6C61C791D9A1779009F7863 = {
						CreatedOnToolsVersion = 8.0;
						DevelopmentTeam = GLFUQRGZYT;
						ProvisioningStyle = Automatic;
					};
					A6C61C921D9A1779009F7863 = {
						CreatedOnToolsVersion = 8.0;
						DevelopmentTeam = GLFUQRGZYT;
						ProvisioningStyle = Automatic;
						TestTargetID = A6C61C791D9A1779009F7863;
					};
					A6C61C9D1D9A1779009F7863 = {
						CreatedOnToolsVersion = 8.0;
						DevelopmentTeam = GLFUQRGZYT;
						ProvisioningStyle = Automatic;
						TestTargetID = A6C61C791D9A1779009F7863;
					};
				};
			};
			buildConfigurationList = A6C61C751D9A1779009F7863 /* Build configuration list for PBXProject "MDSDownLoadImage1" */;
			compatibilityVersion = "Xcode 3.2";
			developmentRegion = English;
			hasScannedForEncodings = 0;
			knownRegions = (
				en,
				Base,
			);
			mainGroup = A6C61C711D9A1779009F7863;
			productRefGroup = A6C61C7B1D9A1779009F7863 /* Products */;
			projectDirPath = "";
			projectRoot = "";
			targets = (
				A6C61C791D9A1779009F7863 /* MDSDownLoadImage1 */,
				A6C61C921D9A1779009F7863 /* MDSDownLoadImage1Tests */,
				A6C61C9D1D9A1779009F7863 /* MDSDownLoadImage1UITests */,
			);
		};
/* End PBXProject section */

/* Begin PBXResourcesBuildPhase section */
		A6C61C781D9A1779009F7863 /* Resources */ = {
			isa = PBXResourcesBuildPhase;
			buildActionMask = 2147483647;
			files = (
				A6C61C8D1D9A1779009F7863 /* LaunchScreen.storyboard in Resources */,
				A6C61C8A1D9A1779009F7863 /* Assets.xcassets in Resources */,
				A6C61C881D9A1779009F7863 /* Main.storyboard in Resources */,
				A6C61CBB1D9A17D8009F7863 /* HomeViewController.xib in Resources */,
			);
			runOnlyForDeploymentPostprocessing = 0;
		};
		A6C61C911D9A1779009F7863 /* Resources */ = {
			isa = PBXResourcesBuildPhase;
			buildActionMask = 2147483647;
			files = (
			);
			runOnlyForDeploymentPostprocessing = 0;
		};
		A6C61C9C1D9A1779009F7863 /* Resources */ = {
			isa = PBXResourcesBuildPhase;
			buildActionMask = 2147483647;
			files = (
			);
			runOnlyForDeploymentPostprocessing = 0;
		};
/* End PBXResourcesBuildPhase section */

/* Begin PBXSourcesBuildPhase section */
		A6C61C761D9A1779009F7863 /* Sources */ = {
			isa = PBXSourcesBuildPhase;
			buildActionMask = 2147483647;
			files = (
				A6C61CB61D9A17CE009F7863 /* MDSFileTool.m in Sources */,
				A6C61C851D9A1779009F7863 /* ViewController.m in Sources */,
				A6C61C821D9A1779009F7863 /* AppDelegate.m in Sources */,
				A6C61CB51D9A17CE009F7863 /* MDSDownLoadImageOperation.m in Sources */,
				A6C61C7F1D9A1779009F7863 /* main.m in Sources */,
				A6C61CBA1D9A17D8009F7863 /* HomeViewController.m in Sources */,
			);
			runOnlyForDeploymentPostprocessing = 0;
		};
		A6C61C8F1D9A1779009F7863 /* Sources */ = {
			isa = PBXSourcesBuildPhase;
			buildActionMask = 2147483647;
			files = (
				A6C61C981D9A1779009F7863 /* MDSDownLoadImage1Tests.m in Sources */,
			);
			runOnlyForDeploymentPostprocessing = 0;
		};
		A6C61C9A1D9A1779009F7863 /* Sources */ = {
			isa = PBXSourcesBuildPhase;
			buildActionMask = 2147483647;
			files = (
				A6C61CA31D9A1779009F7863 /* MDSDownLoadImage1UITests.m in Sources */,
			);
			runOnlyForDeploymentPostprocessing = 0;
		};
/* End PBXSourcesBuildPhase section */

/* Begin PBXTargetDependency section */
		A6C61C951D9A1779009F7863 /* PBXTargetDependency */ = {
			isa = PBXTargetDependency;
			target = A6C61C791D9A1779009F7863 /* MDSDownLoadImage1 */;
			targetProxy = A6C61C941D9A1779009F7863 /* PBXContainerItemProxy */;
		};
		A6C61CA01D9A1779009F7863 /* PBXTargetDependency */ = {
			isa = PBXTargetDependency;
			target = A6C61C791D9A1779009F7863 /* MDSDownLoadImage1 */;
			targetProxy = A6C61C9F1D9A1779009F7863 /* PBXContainerItemProxy */;
		};
/* End PBXTargetDependency section */

/* Begin PBXVariantGroup section */
		A6C61C861D9A1779009F7863 /* Main.storyboard */ = {
			isa = PBXVariantGroup;
			children = (
				A6C61C871D9A1779009F7863 /* Base */,
			);
			name = Main.storyboard;
			sourceTree = "<group>";
		};
		A6C61C8B1D9A1779009F7863 /* LaunchScreen.storyboard */ = {
			isa = PBXVariantGroup;
			children = (
				A6C61C8C1D9A1779009F7863 /* Base */,
			);
			name = LaunchScreen.storyboard;
			sourceTree = "<group>";
		};
/* End PBXVariantGroup section */

/* Begin XCBuildConfiguration section */
		A6C61CA51D9A1779009F7863 /* Debug */ = {
			isa = XCBuildConfiguration;
			buildSettings = {
				ALWAYS_SEARCH_USER_PATHS = NO;
				CLANG_ANALYZER_NONNULL = YES;
				CLANG_CXX_LANGUAGE_STANDARD = "gnu++0x";
				CLANG_CXX_LIBRARY = "libc++";
				CLANG_ENABLE_MODULES = YES;
				CLANG_ENABLE_OBJC_ARC = YES;
				CLANG_WARN_BOOL_CONVERSION = YES;
				CLANG_WARN_CONSTANT_CONVERSION = YES;
				CLANG_WARN_DIRECT_OBJC_ISA_USAGE = YES_ERROR;
				CLANG_WARN_DOCUMENTATION_COMMENTS = YES;
				CLANG_WARN_EMPTY_BODY = YES;
				CLANG_WARN_ENUM_CONVERSION = YES;
				CLANG_WARN_INFINITE_RECURSION = YES;
				CLANG_WARN_INT_CONVERSION = YES;
				CLANG_WARN_OBJC_ROOT_CLASS = YES_ERROR;
				CLANG_WARN_SUSPICIOUS_MOVES = YES;
				CLANG_WARN_UNREACHABLE_CODE = YES;
				CLANG_WARN__DUPLICATE_METHOD_MATCH = YES;
				"CODE_SIGN_IDENTITY[sdk=iphoneos*]" = "iPhone Developer";
				COPY_PHASE_STRIP = NO;
				DEBUG_INFORMATION_FORMAT = dwarf;
				ENABLE_STRICT_OBJC_MSGSEND = YES;
				ENABLE_TESTABILITY = YES;
				GCC_C_LANGUAGE_STANDARD = gnu99;
				GCC_DYNAMIC_NO_PIC = NO;
				GCC_NO_COMMON_BLOCKS = YES;
				GCC_OPTIMIZATION_LEVEL = 0;
				GCC_PREPROCESSOR_DEFINITIONS = (
					"DEBUG=1",
					"$(inherited)",
				);
				GCC_WARN_64_TO_32_BIT_CONVERSION = YES;
				GCC_WARN_ABOUT_RETURN_TYPE = YES_ERROR;
				GCC_WARN_UNDECLARED_SELECTOR = YES;
				GCC_WARN_UNINITIALIZED_AUTOS = YES_AGGRESSIVE;
				GCC_WARN_UNUSED_FUNCTION = YES;
				GCC_WARN_UNUSED_VARIABLE = YES;
				IPHONEOS_DEPLOYMENT_TARGET = 10.0;
				MTL_ENABLE_DEBUG_INFO = YES;
				ONLY_ACTIVE_ARCH = YES;
				SDKROOT = iphoneos;
			};
			name = Debug;
		};
		A6C61CA61D9A1779009F7863 /* Release */ = {
			isa = XCBuildConfiguration;
			buildSettings = {
				ALWAYS_SEARCH_USER_PATHS = NO;
				CLANG_ANALYZER_NONNULL = YES;
				CLANG_CXX_LANGUAGE_STANDARD = "gnu++0x";
				CLANG_CXX_LIBRARY = "libc++";
				CLANG_ENABLE_MODULES = YES;
				CLANG_ENABLE_OBJC_ARC = YES;
				CLANG_WARN_BOOL_CONVERSION = YES;
				CLANG_WARN_CONSTANT_CONVERSION = YES;
				CLANG_WARN_DIRECT_OBJC_ISA_USAGE = YES_ERROR;
				CLANG_WARN_DOCUMENTATION_COMMENTS = YES;
				CLANG_WARN_EMPTY_BODY = YES;
				CLANG_WARN_ENUM_CONVERSION = YES;
				CLANG_WARN_INFINITE_RECURSION = YES;
				CLANG_WARN_INT_CONVERSION = YES;
				CLANG_WARN_OBJC_ROOT_CLASS = YES_ERROR;
				CLANG_WARN_SUSPICIOUS_MOVES = YES;
				CLANG_WARN_UNREACHABLE_CODE = YES;
				CLANG_WARN__DUPLICATE_METHOD_MATCH = YES;
				"CODE_SIGN_IDENTITY[sdk=iphoneos*]" = "iPhone Developer";
				COPY_PHASE_STRIP = NO;
				DEBUG_INFORMATION_FORMAT = "dwarf-with-dsym";
				ENABLE_NS_ASSERTIONS = NO;
				ENABLE_STRICT_OBJC_MSGSEND = YES;
				GCC_C_LANGUAGE_STANDARD = gnu99;
				GCC_NO_COMMON_BLOCKS = YES;
				GCC_WARN_64_TO_32_BIT_CONVERSION = YES;
				GCC_WARN_ABOUT_RETURN_TYPE = YES_ERROR;
				GCC_WARN_UNDECLARED_SELECTOR = YES;
				GCC_WARN_UNINITIALIZED_AUTOS = YES_AGGRESSIVE;
				GCC_WARN_UNUSED_FUNCTION = YES;
				GCC_WARN_UNUSED_VARIABLE = YES;
				IPHONEOS_DEPLOYMENT_TARGET = 10.0;
				MTL_ENABLE_DEBUG_INFO = NO;
				SDKROOT = iphoneos;
				VALIDATE_PRODUCT = YES;
			};
			name = Release;
		};
		A6C61CA81D9A1779009F7863 /* Debug */ = {
			isa = XCBuildConfiguration;
			buildSettings = {
				ASSETCATALOG_COMPILER_APPICON_NAME = AppIcon;
				DEVELOPMENT_TEAM = GLFUQRGZYT;
				INFOPLIST_FILE = MDSDownLoadImage1/Info.plist;
				LD_RUNPATH_SEARCH_PATHS = "$(inherited) @executable_path/Frameworks";
				PRODUCT_BUNDLE_IDENTIFIER = com.MediShare.MDSDownLoadImage1;
				PRODUCT_NAME = "$(TARGET_NAME)";
			};
			name = Debug;
		};
		A6C61CA91D9A1779009F7863 /* Release */ = {
			isa = XCBuildConfiguration;
			buildSettings = {
				ASSETCATALOG_COMPILER_APPICON_NAME = AppIcon;
				DEVELOPMENT_TEAM = GLFUQRGZYT;
				INFOPLIST_FILE = MDSDownLoadImage1/Info.plist;
				LD_RUNPATH_SEARCH_PATHS = "$(inherited) @executable_path/Frameworks";
				PRODUCT_BUNDLE_IDENTIFIER = com.MediShare.MDSDownLoadImage1;
				PRODUCT_NAME = "$(TARGET_NAME)";
			};
			name = Release;
		};
		A6C61CAB1D9A1779009F7863 /* Debug */ = {
			isa = XCBuildConfiguration;
			buildSettings = {
				BUNDLE_LOADER = "$(TEST_HOST)";
				DEVELOPMENT_TEAM = GLFUQRGZYT;
				INFOPLIST_FILE = MDSDownLoadImage1Tests/Info.plist;
				LD_RUNPATH_SEARCH_PATHS = "$(inherited) @executable_path/Frameworks @loader_path/Frameworks";
				PRODUCT_BUNDLE_IDENTIFIER = com.MediShare.MDSDownLoadImage1Tests;
				PRODUCT_NAME = "$(TARGET_NAME)";
				TEST_HOST = "$(BUILT_PRODUCTS_DIR)/MDSDownLoadImage1.app/MDSDownLoadImage1";
			};
			name = Debug;
		};
		A6C61CAC1D9A1779009F7863 /* Release */ = {
			isa = XCBuildConfiguration;
			buildSettings = {
				BUNDLE_LOADER = "$(TEST_HOST)";
				DEVELOPMENT_TEAM = GLFUQRGZYT;
				INFOPLIST_FILE = MDSDownLoadImage1Tests/Info.plist;
				LD_RUNPATH_SEARCH_PATHS = "$(inherited) @executable_path/Frameworks @loader_path/Frameworks";
				PRODUCT_BUNDLE_IDENTIFIER = com.MediShare.MDSDownLoadImage1Tests;
				PRODUCT_NAME = "$(TARGET_NAME)";
				TEST_HOST = "$(BUILT_PRODUCTS_DIR)/MDSDownLoadImage1.app/MDSDownLoadImage1";
			};
			name = Release;
		};
		A6C61CAE1D9A1779009F7863 /* Debug */ = {
			isa = XCBuildConfiguration;
			buildSettings = {
				DEVELOPMENT_TEAM = GLFUQRGZYT;
				INFOPLIST_FILE = MDSDownLoadImage1UITests/Info.plist;
				LD_RUNPATH_SEARCH_PATHS = "$(inherited) @executable_path/Frameworks @loader_path/Frameworks";
				PRODUCT_BUNDLE_IDENTIFIER = com.MediShare.MDSDownLoadImage1UITests;
				PRODUCT_NAME = "$(TARGET_NAME)";
				TEST_TARGET_NAME = MDSDownLoadImage1;
			};
			name = Debug;
		};
		A6C61CAF1D9A1779009F7863 /* Release */ = {
			isa = XCBuildConfiguration;
			buildSettings = {
				DEVELOPMENT_TEAM = GLFUQRGZYT;
				INFOPLIST_FILE = MDSDownLoadImage1UITests/Info.plist;
				LD_RUNPATH_SEARCH_PATHS = "$(inherited) @executable_path/Frameworks @loader_path/Frameworks";
				PRODUCT_BUNDLE_IDENTIFIER = com.MediShare.MDSDownLoadImage1UITests;
				PRODUCT_NAME = "$(TARGET_NAME)";
				TEST_TARGET_NAME = MDSDownLoadImage1;
			};
			name = Release;
		};
/* End XCBuildConfiguration section */

/* Begin XCConfigurationList section */
		A6C61C751D9A1779009F7863 /* Build configuration list for PBXProject "MDSDownLoadImage1" */ = {
			isa = XCConfigurationList;
			buildConfigurations = (
				A6C61CA51D9A1779009F7863 /* Debug */,
				A6C61CA61D9A1779009F7863 /* Release */,
			);
			defaultConfigurationIsVisible = 0;
			defaultConfigurationName = Release;
		};
		A6C61CA71D9A1779009F7863 /* Build configuration list for PBXNativeTarget "MDSDownLoadImage1" */ = {
			isa = XCConfigurationList;
			buildConfigurations = (
				A6C61CA81D9A1779009F7863 /* Debug */,
				A6C61CA91D9A1779009F7863 /* Release */,
			);
			defaultConfigurationIsVisible = 0;
		};
		A6C61CAA1D9A1779009F7863 /* Build configuration list for PBXNativeTarget "MDSDownLoadImage1Tests" */ = {
			isa = XCConfigurationList;
			buildConfigurations = (
				A6C61CAB1D9A1779009F7863 /* Debug */,
				A6C61CAC1D9A1779009F7863 /* Release */,
			);
			defaultConfigurationIsVisible = 0;
		};
		A6C61CAD1D9A1779009F7863 /* Build configuration list for PBXNativeTarget "MDSDownLoadImage1UITests" */ = {
			isa = XCConfigurationList;
			buildConfigurations = (
				A6C61CAE1D9A1779009F7863 /* Debug */,
				A6C61CAF1D9A1779009F7863 /* Release */,
			);
			defaultConfigurationIsVisible = 0;
		};
/* End XCConfigurationList section */
	};
	rootObject = A6C61C721D9A1779009F7863 /* Project object */;
}
